Microsoft Visual Studio Solution File, Format Version 12.00
# Visual Studio Version 17
VisualStudioVersion = 17.5.2.0
MinimumVisualStudioVersion = 10.0.40219.1
Project("{FAE04EC0-301F-11D3-BF4B-00C04F79EFBC}") = "front-end", "front-end.csproj", "{12C332F4-4D0F-9A2A-BC27-886BF3011E12}"
EndProject
Global
	GlobalSection(SolutionConfigurationPlatforms) = preSolution
		Debug|Any CPU = Debug|Any CPU
		Release|Any CPU = Release|Any CPU
	EndGlobalSection
	GlobalSection(ProjectConfigurationPlatforms) = postSolution
		{12C332F4-4D0F-9A2A-BC27-886BF3011E12}.Debug|Any CPU.ActiveCfg = Debug|Any CPU
		{12C332F4-4D0F-9A2A-BC27-886BF3011E12}.Debug|Any CPU.Build.0 = Debug|Any CPU
		{12C332F4-4D0F-9A2A-BC27-886BF3011E12}.Release|Any CPU.ActiveCfg = Release|Any CPU
		{12C332F4-4D0F-9A2A-BC27-886BF3011E12}.Release|Any CPU.Build.0 = Release|Any CPU
	EndGlobalSection
	GlobalSection(SolutionProperties) = preSolution
		HideSolutionNode = FALSE
	EndGlobalSection
	GlobalSection(ExtensibilityGlobals) = postSolution
		SolutionGuid = {BC25B1D4-DF93-4B33-85E9-A4994F7897F3}
	EndGlobalSection
EndGlobal
